
Microsoft Visual Studio Solution File, Format Version 12.00
# Visual Studio 15
VisualStudioVersion = 15.0.28010.2019
MinimumVisualStudioVersion = 10.0.40219.1
Project("{00D1A9C2-B5F0-4AF3-8072-F6C62B433612}") = "Database Week 6", "Database Week 6\Database Week 6.sqlproj", "{2F52C731-6D7F-40B8-AA12-A05051F5B649}"
EndProject
Global
	GlobalSection(SolutionConfigurationPlatforms) = preSolution
		Debug|Any CPU = Debug|Any CPU
		Release|Any CPU = Release|Any CPU
	EndGlobalSection
	GlobalSection(ProjectConfigurationPlatforms) = postSolution
		{2F52C731-6D7F-40B8-AA12-A05051F5B649}.Debug|Any CPU.ActiveCfg = Debug|Any CPU
		{2F52C731-6D7F-40B8-AA12-A05051F5B649}.Debug|Any CPU.Build.0 = Debug|Any CPU
		{2F52C731-6D7F-40B8-AA12-A05051F5B649}.Debug|Any CPU.Deploy.0 = Debug|Any CPU
		{2F52C731-6D7F-40B8-AA12-A05051F5B649}.Release|Any CPU.ActiveCfg = Release|Any CPU
		{2F52C731-6D7F-40B8-AA12-A05051F5B649}.Release|Any CPU.Build.0 = Release|Any CPU
		{2F52C731-6D7F-40B8-AA12-A05051F5B649}.Release|Any CPU.Deploy.0 = Release|Any CPU
	EndGlobalSection
	GlobalSection(SolutionProperties) = preSolution
		HideSolutionNode = FALSE
	EndGlobalSection
	GlobalSection(ExtensibilityGlobals) = postSolution
		SolutionGuid = {3FA5CCC1-757E-4617-AD13-A6A49BC6F6F3}
	EndGlobalSection
EndGlobal
